
Microsoft Visual Studio Solution File, Format Version 12.00
Project("{FAE04EC0-301F-11D3-BF4B-00C04F79EFBC}") = "UserEditor", "UserEditor\UserEditor.csproj", "{2B666801-BA18-49A4-B7D6-F74A409E0D25}"
EndProject
Global
	GlobalSection(SolutionConfigurationPlatforms) = preSolution
		Debug|Any CPU = Debug|Any CPU
		Release|Any CPU = Release|Any CPU
	EndGlobalSection
	GlobalSection(ProjectConfigurationPlatforms) = postSolution
		{2B666801-BA18-49A4-B7D6-F74A409E0D25}.Debug|Any CPU.ActiveCfg = Debug|Any CPU
		{2B666801-BA18-49A4-B7D6-F74A409E0D25}.Debug|Any CPU.Build.0 = Debug|Any CPU
		{2B666801-BA18-49A4-B7D6-F74A409E0D25}.Release|Any CPU.ActiveCfg = Release|Any CPU
		{2B666801-BA18-49A4-B7D6-F74A409E0D25}.Release|Any CPU.Build.0 = Release|Any CPU
	EndGlobalSection
EndGlobal
